
Microsoft Visual Studio Solution File, Format Version 12.00
Project("{FAE04EC0-301F-11D3-BF4B-00C04F79EFBC}") = "InimcoTestBackend", "InimcoTestBackend\InimcoTestBackend.csproj", "{C4D410A9-B7CA-4396-8539-882CD0242F6E}"
EndProject
Project("{FAE04EC0-301F-11D3-BF4B-00C04F79EFBC}") = "InimcoTestBackendTest", "InimcoTestBackendTest\InimcoTestBackendTest.csproj", "{1AFB10CB-4F5E-44C7-973E-8327829B3AEA}"
EndProject
Global
	GlobalSection(SolutionConfigurationPlatforms) = preSolution
		Debug|Any CPU = Debug|Any CPU
		Release|Any CPU = Release|Any CPU
	EndGlobalSection
	GlobalSection(ProjectConfigurationPlatforms) = postSolution
		{C4D410A9-B7CA-4396-8539-882CD0242F6E}.Debug|Any CPU.ActiveCfg = Debug|Any CPU
		{C4D410A9-B7CA-4396-8539-882CD0242F6E}.Debug|Any CPU.Build.0 = Debug|Any CPU
		{C4D410A9-B7CA-4396-8539-882CD0242F6E}.Release|Any CPU.ActiveCfg = Release|Any CPU
		{C4D410A9-B7CA-4396-8539-882CD0242F6E}.Release|Any CPU.Build.0 = Release|Any CPU
		{1AFB10CB-4F5E-44C7-973E-8327829B3AEA}.Debug|Any CPU.ActiveCfg = Debug|Any CPU
		{1AFB10CB-4F5E-44C7-973E-8327829B3AEA}.Debug|Any CPU.Build.0 = Debug|Any CPU
		{1AFB10CB-4F5E-44C7-973E-8327829B3AEA}.Release|Any CPU.ActiveCfg = Release|Any CPU
		{1AFB10CB-4F5E-44C7-973E-8327829B3AEA}.Release|Any CPU.Build.0 = Release|Any CPU
	EndGlobalSection
EndGlobal
